
Microsoft Visual Studio Solution File, Format Version 12.00
# Visual Studio Version 16
VisualStudioVersion = 16.0.31019.35
MinimumVisualStudioVersion = 10.0.40219.1
Project("{FAE04EC0-301F-11D3-BF4B-00C04F79EFBC}") = "ScreenRecorderCs", "ScreenRecorderCs\ScreenRecorderCs.csproj", "{A07F82D8-298F-4259-B0D8-CD8EF9BE6587}"
EndProject
Global
	GlobalSection(SolutionConfigurationPlatforms) = preSolution
		Debug|Any CPU = Debug|Any CPU
		Release|Any CPU = Release|Any CPU
	EndGlobalSection
	GlobalSection(ProjectConfigurationPlatforms) = postSolution
		{A07F82D8-298F-4259-B0D8-CD8EF9BE6587}.Debug|Any CPU.ActiveCfg = Debug|Any CPU
		{A07F82D8-298F-4259-B0D8-CD8EF9BE6587}.Debug|Any CPU.Build.0 = Debug|Any CPU
		{A07F82D8-298F-4259-B0D8-CD8EF9BE6587}.Release|Any CPU.ActiveCfg = Release|Any CPU
		{A07F82D8-298F-4259-B0D8-CD8EF9BE6587}.Release|Any CPU.Build.0 = Release|Any CPU
	EndGlobalSection
	GlobalSection(SolutionProperties) = preSolution
		HideSolutionNode = FALSE
	EndGlobalSection
	GlobalSection(ExtensibilityGlobals) = postSolution
		SolutionGuid = {7961C079-7FDF-4A4F-82E9-E6786E8C7BE6}
	EndGlobalSection
EndGlobal
